
Microsoft Visual Studio Solution File, Format Version 12.00
# Visual Studio Version 16
VisualStudioVersion = 16.0.31005.135
MinimumVisualStudioVersion = 10.0.40219.1
Project("{FAE04EC0-301F-11D3-BF4B-00C04F79EFBC}") = "BackgroundJob_AppDev", "BackgroundJob_AppDev\BackgroundJob_AppDev.csproj", "{1A8AC857-3ED2-4654-9B5B-A59CEB4A19C2}"
EndProject
Global
	GlobalSection(SolutionConfigurationPlatforms) = preSolution
		Debug|Any CPU = Debug|Any CPU
		Release|Any CPU = Release|Any CPU
	EndGlobalSection
	GlobalSection(ProjectConfigurationPlatforms) = postSolution
		{1A8AC857-3ED2-4654-9B5B-A59CEB4A19C2}.Debug|Any CPU.ActiveCfg = Debug|Any CPU
		{1A8AC857-3ED2-4654-9B5B-A59CEB4A19C2}.Debug|Any CPU.Build.0 = Debug|Any CPU
		{1A8AC857-3ED2-4654-9B5B-A59CEB4A19C2}.Release|Any CPU.ActiveCfg = Release|Any CPU
		{1A8AC857-3ED2-4654-9B5B-A59CEB4A19C2}.Release|Any CPU.Build.0 = Release|Any CPU
	EndGlobalSection
	GlobalSection(SolutionProperties) = preSolution
		HideSolutionNode = FALSE
	EndGlobalSection
	GlobalSection(ExtensibilityGlobals) = postSolution
		SolutionGuid = {650AAF79-A0A5-4ECC-A03E-E72DE3D8E767}
	EndGlobalSection
EndGlobal
